<?xml version="1.0" encoding="utf-8"?>
<Project ToolsVersion="4.0" xmlns="http://schemas.microsoft.com/developer/msbuild/2003">
  <ItemGroup>
    <FxCompile Include="Resources\SHADER\FBXPS.hlsl" />
    <FxCompile Include="Resources\SHADER\FBXVS.hlsl" />
    <FxCompile Include="Resources\SHADER\OBJPixelShader.hlsl" />
    <FxCompile Include="Resources\SHADER\OBJVertexShader.hlsl" />
    <FxCompile Include="Resources\SHADER\ParticleGS.hlsl" />
    <FxCompile Include="Resources\SHADER\ParticlePS.hlsl" />
    <FxCompile Include="Resources\SHADER\ParticleVS.hlsl" />
    <FxCompile Include="Resources\SHADER\PostEffectPS.hlsl" />
    <FxCompile Include="Resources\SHADER\PostEffectVS.hlsl" />
    <FxCompile Include="Resources\SHADER\SpritePS.hlsl" />
    <FxCompile Include="Resources\SHADER\SpriteVS.hlsl" />
  </ItemGroup>
  <ItemGroup>
    <ClCompile Include="Engine\2D\PostEffect.cpp" />
    <ClCompile Include="Engine\2D\Sprite.cpp" />
    <ClCompile Include="Engine\2D\SpriteCommon.cpp" />
    <ClCompile Include="Engine\3D\Fbx\FBXLoader.cpp" />
    <ClCompile Include="Engine\3D\Fbx\FBXModel.cpp" />
    <ClCompile Include="Engine\3D\Fbx\FBXObject3d.cpp" />
    <ClCompile Include="Engine\3D\Material.cpp" />
    <ClCompile Include="Engine\3D\Mesh.cpp" />
    <ClCompile Include="Engine\3D\Model.cpp" />
    <ClCompile Include="Engine\3D\Object3d.cpp" />
    <ClCompile Include="Engine\3D\Particle\ParticleManager.cpp" />
    <ClCompile Include="Engine\3D\Transform.cpp" />
    <ClCompile Include="Engine\AUDIO\Audio.cpp" />
    <ClCompile Include="Engine\BASE\DirectXCommon.cpp" />
    <ClCompile Include="Engine\BASE\FPS.cpp" />
    <ClCompile Include="Engine\BASE\main.cpp" />
    <ClCompile Include="Engine\BASE\WinApp.cpp" />
    <ClCompile Include="Engine\CAMERA\Camera.cpp" />
    <ClCompile Include="Engine\COLIDER\Collision.cpp" />
    <ClCompile Include="Engine\COLIDER\CollisionManager.cpp" />
    <ClCompile Include="Engine\COLIDER\CollisionPrimitive.cpp" />
    <ClCompile Include="Engine\COLIDER\MeshCollider.cpp" />
    <ClCompile Include="Engine\COLIDER\SphereCollider.cpp" />
    <ClCompile Include="Engine\DEBUG\ImGuiManager.cpp" />
    <ClCompile Include="Engine\Framework\Framework.cpp" />
    <ClCompile Include="Engine\Framework\MyGame.cpp" />
    <ClCompile Include="Engine\INPUT\Input.cpp" />
    <ClCompile Include="Engine\INPUT\Keyboard_Input.cpp" />
    <ClCompile Include="Engine\INPUT\MouseInput.cpp" />
    <ClCompile Include="Engine\INPUT\PadInput.cpp" />
    <ClCompile Include="Engine\LIGHT\CircleShadow.cpp" />
    <ClCompile Include="Engine\LIGHT\DirectionalLight.cpp" />
    <ClCompile Include="Engine\LIGHT\LightGroup.cpp" />
    <ClCompile Include="Engine\LIGHT\PointLight.cpp" />
    <ClCompile Include="Engine\MATH\Affin.cpp" />
    <ClCompile Include="Engine\MATH\ConvertXM.cpp" />
    <ClCompile Include="Engine\MATH\Matrix4.cpp" />
    <ClCompile Include="Engine\MATH\Quaternion.cpp" />
    <ClCompile Include="Engine\MATH\Vector2.cpp" />
    <ClCompile Include="Engine\MATH\Vector3.cpp" />
    <ClCompile Include="Engine\MATH\Vector4.cpp" />
    <ClCompile Include="Engine\3D\Json\JsonLoader.cpp" />
    <ClCompile Include="User\GAMESCENE\GameScene.cpp" />
    <ClCompile Include="User\GAMESCENE\MANAGER\SceneManager.cpp" />
    <ClCompile Include="User\GAMESCENE\MANAGER\SceneObjects.cpp" />
    <ClCompile Include="User\GAMESCENE\scene\EndScene.cpp" />
    <ClCompile Include="User\GAMESCENE\scene\GAME1Scene.cpp" />
    <ClCompile Include="User\GAMESCENE\scene\IScene.cpp" />
    <ClCompile Include="User\GAMESCENE\scene\PauseScene.cpp" />
    <ClCompile Include="User\GAMESCENE\scene\TitleScene.cpp" />
    <ClCompile Include="User\Human\Boss.cpp" />
    <ClCompile Include="User\Human\Enemy.cpp" />
    <ClCompile Include="User\Weapon\Assault.cpp" />
    <ClCompile Include="User\Weapon\Bullet.cpp" />
    <ClCompile Include="User\Human\Human.cpp" />
    <ClCompile Include="User\Human\Player.cpp" />
    <ClCompile Include="User\Weapon\Shotgun.cpp" />
    <ClCompile Include="User\Weapon\Weapon.cpp" />
    <ClCompile Include="User\Objects\Objects.cpp" />
    <ClCompile Include="Engine\COLIDER\QueryCallback.cpp" />
    <ClCompile Include="Engine\COLIDER\ObbCollider.cpp" />
    <ClCompile Include="User\Objects\Wall.cpp" />
    <ClCompile Include="User\Weapon\BulletManager.cpp" />
    <ClCompile Include="Engine\COLIDER\RayCollider.cpp" />
    <ClCompile Include="User\Skills\PointDash.cpp" />
    <ClCompile Include="Engine\MATH\Easing.cpp" />
    <ClCompile Include="User\GAMESCENE\scene\GAME2Scene.cpp" />
  </ItemGroup>
  <ItemGroup>
    <ClInclude Include="..\..\..\..\Users\kokut\Downloads\json.hpp" />
    <ClInclude Include="Engine\2D\PostEffect.h" />
    <ClInclude Include="Engine\2D\Sprite.h" />
    <ClInclude Include="Engine\2D\SpriteCommon.h" />
    <ClInclude Include="Engine\3D\Fbx\FBXLoader.h" />
    <ClInclude Include="Engine\3D\Fbx\FBXModel.h" />
    <ClInclude Include="Engine\3D\Fbx\FBXObject3d.h" />
    <ClInclude Include="Engine\3D\Json\JsonLoader.h" />
    <ClInclude Include="Engine\3D\Material.h" />
    <ClInclude Include="Engine\3D\Mesh.h" />
    <ClInclude Include="Engine\3D\Model.h" />
    <ClInclude Include="Engine\3D\Object3d.h" />
    <ClInclude Include="Engine\3D\Particle\ParticleManager.h" />
    <ClInclude Include="Engine\3D\Transform.h" />
    <ClInclude Include="Engine\AUDIO\Audio.h" />
    <ClInclude Include="Engine\BASE\DirectXCommon.h" />
    <ClInclude Include="Engine\BASE\FPS.h" />
    <ClInclude Include="Engine\BASE\WinApp.h" />
    <ClInclude Include="Engine\CAMERA\Camera.h" />
    <ClInclude Include="Engine\COLIDER\BaseCollider.h" />
    <ClInclude Include="Engine\COLIDER\Collision.h" />
    <ClInclude Include="Engine\COLIDER\CollisionAttribute.h" />
    <ClInclude Include="Engine\COLIDER\CollisionInfo.h" />
    <ClInclude Include="Engine\COLIDER\CollisionManager.h" />
    <ClInclude Include="Engine\COLIDER\CollisionPrimitive.h" />
    <ClInclude Include="Engine\COLIDER\CollisionTypes.h" />
    <ClInclude Include="Engine\COLIDER\MeshCollider.h" />
    <ClInclude Include="Engine\COLIDER\RaycastHit.h" />
    <ClInclude Include="Engine\COLIDER\SphereCollider.h" />
    <ClInclude Include="Engine\DEBUG\ImGuiManager.h" />
    <ClInclude Include="Engine\Framework\Framework.h" />
    <ClInclude Include="Engine\Framework\MyGame.h" />
    <ClInclude Include="Engine\INPUT\Input.h" />
    <ClInclude Include="Engine\INPUT\Keyboard_Input.h" />
    <ClInclude Include="Engine\INPUT\MouseInput.h" />
    <ClInclude Include="Engine\INPUT\PadInput.h" />
    <ClInclude Include="Engine\LIGHT\CircleShadow.h" />
    <ClInclude Include="Engine\LIGHT\DirectionalLight.h" />
    <ClInclude Include="Engine\LIGHT\LightGroup.h" />
    <ClInclude Include="Engine\LIGHT\PointLight.h" />
    <ClInclude Include="Engine\LIGHT\SpotLight.h" />
    <ClInclude Include="Engine\MATH\Affin.h" />
    <ClInclude Include="Engine\MATH\ConvertXM.h" />
    <ClInclude Include="Engine\MATH\Matrix4.h" />
    <ClInclude Include="Engine\MATH\Quaternion.h" />
    <ClInclude Include="Engine\MATH\Vector2.h" />
    <ClInclude Include="Engine\MATH\Vector3.h" />
    <ClInclude Include="Engine\MATH\Vector4.h" />
    <ClInclude Include="User\GAMESCENE\GameScene.h" />
    <ClInclude Include="User\GAMESCENE\MANAGER\SceneIntegrate.h" />
    <ClInclude Include="User\GAMESCENE\MANAGER\SceneManager.h" />
    <ClInclude Include="User\GAMESCENE\MANAGER\SceneObjects.h" />
    <ClInclude Include="User\GAMESCENE\scene\EndScene.h" />
    <ClInclude Include="User\GAMESCENE\scene\GAME1Scene.h" />
    <ClInclude Include="User\GAMESCENE\scene\IScene.h" />
    <ClInclude Include="User\GAMESCENE\scene\PauseScene.h" />
    <ClInclude Include="User\GAMESCENE\scene\TitleScene.h" />
    <ClInclude Include="User\Human\Boss.h" />
    <ClInclude Include="User\Human\Enemy.h" />
    <ClInclude Include="User\Weapon\Assault.h" />
    <ClInclude Include="User\Weapon\Bullet.h" />
    <ClInclude Include="User\Human\Human.h" />
    <ClInclude Include="User\Human\Player.h" />
    <ClInclude Include="User\Weapon\Shotgun.h" />
    <ClInclude Include="User\Weapon\Weapon.h" />
    <ClInclude Include="User\Weapon\Weaponlist.h" />
    <ClInclude Include="User\Objects\Objects.h" />
    <ClInclude Include="Engine\COLIDER\QueryCallback.h" />
    <ClInclude Include="Engine\COLIDER\ObbCollider.h" />
    <ClInclude Include="User\Objects\Wall.h" />
    <ClInclude Include="User\Weapon\BulletManager.h" />
    <ClInclude Include="Engine\COLIDER\RayCollider.h" />
    <ClInclude Include="User\Skills\PointDash.h" />
    <ClInclude Include="User\Skills\SkillIntegrate.h" />
    <ClInclude Include="Engine\MATH\Easing.h" />
    <ClInclude Include="User\GAMESCENE\scene\GAME2Scene.h" />
  </ItemGroup>
  <ItemGroup>
    <None Include="Resources\SHADER\FBX.hlsli" />
    <None Include="Resources\SHADER\OBJShaderHeader.hlsli" />
    <None Include="Resources\SHADER\Particle.hlsli" />
    <None Include="Resources\SHADER\PostEffect.hlsli" />
    <None Include="Resources\SHADER\Sprite.hlsli" />
  </ItemGroup>
</Project>